
Microsoft Visual Studio Solution File, Format Version 12.00
# Visual Studio Version 17
VisualStudioVersion = 17.0.31903.59
MinimumVisualStudioVersion = 10.0.40219.1
Project("{2150E333-8FDC-42A3-9474-1A3956D46DE8}") = "src", "src", "{827E0CD3-B72D-47B6-A68D-7590B98EB39B}"
EndProject
Project("{FAE04EC0-301F-11D3-BF4B-00C04F79EFBC}") = "Identity.API", "src\Identity\Identity.API\Identity.API.csproj", "{A1B1017D-8F8E-4124-829A-DE03D0B8DAF2}"
EndProject
Project("{FAE04EC0-301F-11D3-BF4B-00C04F79EFBC}") = "Examination.API", "src\Examination\Examination.API\Examination.API.csproj", "{A76F3C72-F2F0-491D-BC1E-94CB6EDE7E65}"
EndProject
Project("{FAE04EC0-301F-11D3-BF4B-00C04F79EFBC}") = "Examination.Application", "src\Examination\Examination.Application\Examination.Application.csproj", "{2AC3A686-170F-4635-81A9-D456F2495558}"
EndProject
Project("{FAE04EC0-301F-11D3-BF4B-00C04F79EFBC}") = "Examination.Domain", "src\Examination\Examination.Domain\Examination.Domain.csproj", "{7682E690-E658-4D58-9E98-27DC90FBBF79}"
EndProject
Project("{FAE04EC0-301F-11D3-BF4B-00C04F79EFBC}") = "Examination.Infrastructure", "src\Examination\Examination.Infrastructure\Examination.Infrastructure.csproj", "{D331BF7E-4CB3-4494-A160-D80FDD47ACEF}"
EndProject
Project("{2150E333-8FDC-42A3-9474-1A3956D46DE8}") = "tests", "tests", "{0AB3BF05-4346-4AA6-1389-037BE0695223}"
EndProject
Project("{FAE04EC0-301F-11D3-BF4B-00C04F79EFBC}") = "Examination.Application.UnitTests", "tests\Examination\Examination.Application.UnitTests\Examination.Application.UnitTests.csproj", "{817BA04F-FC07-4CE3-AAD4-1EBB5E0D57B4}"
EndProject
Project("{FAE04EC0-301F-11D3-BF4B-00C04F79EFBC}") = "Examination.Domain.UnitTests", "tests\Examination\Examination.Domain.UnitTests\Examination.Domain.UnitTests.csproj", "{D792AB06-22AF-4788-A627-76ABE1B5FD74}"
EndProject
Project("{FAE04EC0-301F-11D3-BF4B-00C04F79EFBC}") = "Examination.Infrastructure.IntegrationTests", "tests\Examination\Examination.Infrastructure.IntegrationTests\Examination.Infrastructure.IntegrationTests.csproj", "{8B4AD2A6-0BFA-4021-9A24-10D646AC4EB1}"
EndProject
Project("{2150E333-8FDC-42A3-9474-1A3956D46DE8}") = "testsIdentity.API", "testsIdentity.API", "{60A40A3D-37A7-DA13-8F5A-126025CA0E16}"
EndProject
Project("{FAE04EC0-301F-11D3-BF4B-00C04F79EFBC}") = "Identity.API.IntegrationTests", "tests\Identity\Identity.API.IntegrationTests\Identity.API.IntegrationTests.csproj", "{665314FA-77BD-47A0-B2FE-74EE12A23227}"
EndProject
Project("{FAE04EC0-301F-11D3-BF4B-00C04F79EFBC}") = "Examination.API.IntegrationTests", "tests\Examination\Examination.API.IntegrationTests\Examination.API.IntegrationTests.csproj", "{50D89D95-15B9-42D8-AEE1-D0397FC796D5}"
EndProject
Global
	GlobalSection(SolutionConfigurationPlatforms) = preSolution
		Debug|Any CPU = Debug|Any CPU
		Debug|x64 = Debug|x64
		Debug|x86 = Debug|x86
		Release|Any CPU = Release|Any CPU
		Release|x64 = Release|x64
		Release|x86 = Release|x86
	EndGlobalSection
	GlobalSection(ProjectConfigurationPlatforms) = postSolution
		{A1B1017D-8F8E-4124-829A-DE03D0B8DAF2}.Debug|Any CPU.ActiveCfg = Debug|Any CPU
		{A1B1017D-8F8E-4124-829A-DE03D0B8DAF2}.Debug|Any CPU.Build.0 = Debug|Any CPU
		{A1B1017D-8F8E-4124-829A-DE03D0B8DAF2}.Debug|x64.ActiveCfg = Debug|Any CPU
		{A1B1017D-8F8E-4124-829A-DE03D0B8DAF2}.Debug|x64.Build.0 = Debug|Any CPU
		{A1B1017D-8F8E-4124-829A-DE03D0B8DAF2}.Debug|x86.ActiveCfg = Debug|Any CPU
		{A1B1017D-8F8E-4124-829A-DE03D0B8DAF2}.Debug|x86.Build.0 = Debug|Any CPU
		{A1B1017D-8F8E-4124-829A-DE03D0B8DAF2}.Release|Any CPU.ActiveCfg = Release|Any CPU
		{A1B1017D-8F8E-4124-829A-DE03D0B8DAF2}.Release|Any CPU.Build.0 = Release|Any CPU
		{A1B1017D-8F8E-4124-829A-DE03D0B8DAF2}.Release|x64.ActiveCfg = Release|Any CPU
		{A1B1017D-8F8E-4124-829A-DE03D0B8DAF2}.Release|x64.Build.0 = Release|Any CPU
		{A1B1017D-8F8E-4124-829A-DE03D0B8DAF2}.Release|x86.ActiveCfg = Release|Any CPU
		{A1B1017D-8F8E-4124-829A-DE03D0B8DAF2}.Release|x86.Build.0 = Release|Any CPU
		{A76F3C72-F2F0-491D-BC1E-94CB6EDE7E65}.Debug|Any CPU.ActiveCfg = Debug|Any CPU
		{A76F3C72-F2F0-491D-BC1E-94CB6EDE7E65}.Debug|Any CPU.Build.0 = Debug|Any CPU
		{A76F3C72-F2F0-491D-BC1E-94CB6EDE7E65}.Debug|x64.ActiveCfg = Debug|Any CPU
		{A76F3C72-F2F0-491D-BC1E-94CB6EDE7E65}.Debug|x64.Build.0 = Debug|Any CPU
		{A76F3C72-F2F0-491D-BC1E-94CB6EDE7E65}.Debug|x86.ActiveCfg = Debug|Any CPU
		{A76F3C72-F2F0-491D-BC1E-94CB6EDE7E65}.Debug|x86.Build.0 = Debug|Any CPU
		{A76F3C72-F2F0-491D-BC1E-94CB6EDE7E65}.Release|Any CPU.ActiveCfg = Release|Any CPU
		{A76F3C72-F2F0-491D-BC1E-94CB6EDE7E65}.Release|Any CPU.Build.0 = Release|Any CPU
		{A76F3C72-F2F0-491D-BC1E-94CB6EDE7E65}.Release|x64.ActiveCfg = Release|Any CPU
		{A76F3C72-F2F0-491D-BC1E-94CB6EDE7E65}.Release|x64.Build.0 = Release|Any CPU
		{A76F3C72-F2F0-491D-BC1E-94CB6EDE7E65}.Release|x86.ActiveCfg = Release|Any CPU
		{A76F3C72-F2F0-491D-BC1E-94CB6EDE7E65}.Release|x86.Build.0 = Release|Any CPU
		{2AC3A686-170F-4635-81A9-D456F2495558}.Debug|Any CPU.ActiveCfg = Debug|Any CPU
		{2AC3A686-170F-4635-81A9-D456F2495558}.Debug|Any CPU.Build.0 = Debug|Any CPU
		{2AC3A686-170F-4635-81A9-D456F2495558}.Debug|x64.ActiveCfg = Debug|Any CPU
		{2AC3A686-170F-4635-81A9-D456F2495558}.Debug|x64.Build.0 = Debug|Any CPU
		{2AC3A686-170F-4635-81A9-D456F2495558}.Debug|x86.ActiveCfg = Debug|Any CPU
		{2AC3A686-170F-4635-81A9-D456F2495558}.Debug|x86.Build.0 = Debug|Any CPU
		{2AC3A686-170F-4635-81A9-D456F2495558}.Release|Any CPU.ActiveCfg = Release|Any CPU
		{2AC3A686-170F-4635-81A9-D456F2495558}.Release|Any CPU.Build.0 = Release|Any CPU
		{2AC3A686-170F-4635-81A9-D456F2495558}.Release|x64.ActiveCfg = Release|Any CPU
		{2AC3A686-170F-4635-81A9-D456F2495558}.Release|x64.Build.0 = Release|Any CPU
		{2AC3A686-170F-4635-81A9-D456F2495558}.Release|x86.ActiveCfg = Release|Any CPU
		{2AC3A686-170F-4635-81A9-D456F2495558}.Release|x86.Build.0 = Release|Any CPU
		{7682E690-E658-4D58-9E98-27DC90FBBF79}.Debug|Any CPU.ActiveCfg = Debug|Any CPU
		{7682E690-E658-4D58-9E98-27DC90FBBF79}.Debug|Any CPU.Build.0 = Debug|Any CPU
		{7682E690-E658-4D58-9E98-27DC90FBBF79}.Debug|x64.ActiveCfg = Debug|Any CPU
		{7682E690-E658-4D58-9E98-27DC90FBBF79}.Debug|x64.Build.0 = Debug|Any CPU
		{7682E690-E658-4D58-9E98-27DC90FBBF79}.Debug|x86.ActiveCfg = Debug|Any CPU
		{7682E690-E658-4D58-9E98-27DC90FBBF79}.Debug|x86.Build.0 = Debug|Any CPU
		{7682E690-E658-4D58-9E98-27DC90FBBF79}.Release|Any CPU.ActiveCfg = Release|Any CPU
		{7682E690-E658-4D58-9E98-27DC90FBBF79}.Release|Any CPU.Build.0 = Release|Any CPU
		{7682E690-E658-4D58-9E98-27DC90FBBF79}.Release|x64.ActiveCfg = Release|Any CPU
		{7682E690-E658-4D58-9E98-27DC90FBBF79}.Release|x64.Build.0 = Release|Any CPU
		{7682E690-E658-4D58-9E98-27DC90FBBF79}.Release|x86.ActiveCfg = Release|Any CPU
		{7682E690-E658-4D58-9E98-27DC90FBBF79}.Release|x86.Build.0 = Release|Any CPU
		{D331BF7E-4CB3-4494-A160-D80FDD47ACEF}.Debug|Any CPU.ActiveCfg = Debug|Any CPU
		{D331BF7E-4CB3-4494-A160-D80FDD47ACEF}.Debug|Any CPU.Build.0 = Debug|Any CPU
		{D331BF7E-4CB3-4494-A160-D80FDD47ACEF}.Debug|x64.ActiveCfg = Debug|Any CPU
		{D331BF7E-4CB3-4494-A160-D80FDD47ACEF}.Debug|x64.Build.0 = Debug|Any CPU
		{D331BF7E-4CB3-4494-A160-D80FDD47ACEF}.Debug|x86.ActiveCfg = Debug|Any CPU
		{D331BF7E-4CB3-4494-A160-D80FDD47ACEF}.Debug|x86.Build.0 = Debug|Any CPU
		{D331BF7E-4CB3-4494-A160-D80FDD47ACEF}.Release|Any CPU.ActiveCfg = Release|Any CPU
		{D331BF7E-4CB3-4494-A160-D80FDD47ACEF}.Release|Any CPU.Build.0 = Release|Any CPU
		{D331BF7E-4CB3-4494-A160-D80FDD47ACEF}.Release|x64.ActiveCfg = Release|Any CPU
		{D331BF7E-4CB3-4494-A160-D80FDD47ACEF}.Release|x64.Build.0 = Release|Any CPU
		{D331BF7E-4CB3-4494-A160-D80FDD47ACEF}.Release|x86.ActiveCfg = Release|Any CPU
		{D331BF7E-4CB3-4494-A160-D80FDD47ACEF}.Release|x86.Build.0 = Release|Any CPU
		{817BA04F-FC07-4CE3-AAD4-1EBB5E0D57B4}.Debug|Any CPU.ActiveCfg = Debug|Any CPU
		{817BA04F-FC07-4CE3-AAD4-1EBB5E0D57B4}.Debug|Any CPU.Build.0 = Debug|Any CPU
		{817BA04F-FC07-4CE3-AAD4-1EBB5E0D57B4}.Debug|x64.ActiveCfg = Debug|Any CPU
		{817BA04F-FC07-4CE3-AAD4-1EBB5E0D57B4}.Debug|x64.Build.0 = Debug|Any CPU
		{817BA04F-FC07-4CE3-AAD4-1EBB5E0D57B4}.Debug|x86.ActiveCfg = Debug|Any CPU
		{817BA04F-FC07-4CE3-AAD4-1EBB5E0D57B4}.Debug|x86.Build.0 = Debug|Any CPU
		{817BA04F-FC07-4CE3-AAD4-1EBB5E0D57B4}.Release|Any CPU.ActiveCfg = Release|Any CPU
		{817BA04F-FC07-4CE3-AAD4-1EBB5E0D57B4}.Release|Any CPU.Build.0 = Release|Any CPU
		{817BA04F-FC07-4CE3-AAD4-1EBB5E0D57B4}.Release|x64.ActiveCfg = Release|Any CPU
		{817BA04F-FC07-4CE3-AAD4-1EBB5E0D57B4}.Release|x64.Build.0 = Release|Any CPU
		{817BA04F-FC07-4CE3-AAD4-1EBB5E0D57B4}.Release|x86.ActiveCfg = Release|Any CPU
		{817BA04F-FC07-4CE3-AAD4-1EBB5E0D57B4}.Release|x86.Build.0 = Release|Any CPU
		{D792AB06-22AF-4788-A627-76ABE1B5FD74}.Debug|Any CPU.ActiveCfg = Debug|Any CPU
		{D792AB06-22AF-4788-A627-76ABE1B5FD74}.Debug|Any CPU.Build.0 = Debug|Any CPU
		{D792AB06-22AF-4788-A627-76ABE1B5FD74}.Debug|x64.ActiveCfg = Debug|Any CPU
		{D792AB06-22AF-4788-A627-76ABE1B5FD74}.Debug|x64.Build.0 = Debug|Any CPU
		{D792AB06-22AF-4788-A627-76ABE1B5FD74}.Debug|x86.ActiveCfg = Debug|Any CPU
		{D792AB06-22AF-4788-A627-76ABE1B5FD74}.Debug|x86.Build.0 = Debug|Any CPU
		{D792AB06-22AF-4788-A627-76ABE1B5FD74}.Release|Any CPU.ActiveCfg = Release|Any CPU
		{D792AB06-22AF-4788-A627-76ABE1B5FD74}.Release|Any CPU.Build.0 = Release|Any CPU
		{D792AB06-22AF-4788-A627-76ABE1B5FD74}.Release|x64.ActiveCfg = Release|Any CPU
		{D792AB06-22AF-4788-A627-76ABE1B5FD74}.Release|x64.Build.0 = Release|Any CPU
		{D792AB06-22AF-4788-A627-76ABE1B5FD74}.Release|x86.ActiveCfg = Release|Any CPU
		{D792AB06-22AF-4788-A627-76ABE1B5FD74}.Release|x86.Build.0 = Release|Any CPU
		{8B4AD2A6-0BFA-4021-9A24-10D646AC4EB1}.Debug|Any CPU.ActiveCfg = Debug|Any CPU
		{8B4AD2A6-0BFA-4021-9A24-10D646AC4EB1}.Debug|Any CPU.Build.0 = Debug|Any CPU
		{8B4AD2A6-0BFA-4021-9A24-10D646AC4EB1}.Debug|x64.ActiveCfg = Debug|Any CPU
		{8B4AD2A6-0BFA-4021-9A24-10D646AC4EB1}.Debug|x64.Build.0 = Debug|Any CPU
		{8B4AD2A6-0BFA-4021-9A24-10D646AC4EB1}.Debug|x86.ActiveCfg = Debug|Any CPU
		{8B4AD2A6-0BFA-4021-9A24-10D646AC4EB1}.Debug|x86.Build.0 = Debug|Any CPU
		{8B4AD2A6-0BFA-4021-9A24-10D646AC4EB1}.Release|Any CPU.ActiveCfg = Release|Any CPU
		{8B4AD2A6-0BFA-4021-9A24-10D646AC4EB1}.Release|Any CPU.Build.0 = Release|Any CPU
		{8B4AD2A6-0BFA-4021-9A24-10D646AC4EB1}.Release|x64.ActiveCfg = Release|Any CPU
		{8B4AD2A6-0BFA-4021-9A24-10D646AC4EB1}.Release|x64.Build.0 = Release|Any CPU
		{8B4AD2A6-0BFA-4021-9A24-10D646AC4EB1}.Release|x86.ActiveCfg = Release|Any CPU
		{8B4AD2A6-0BFA-4021-9A24-10D646AC4EB1}.Release|x86.Build.0 = Release|Any CPU
		{665314FA-77BD-47A0-B2FE-74EE12A23227}.Debug|Any CPU.ActiveCfg = Debug|Any CPU
		{665314FA-77BD-47A0-B2FE-74EE12A23227}.Debug|Any CPU.Build.0 = Debug|Any CPU
		{665314FA-77BD-47A0-B2FE-74EE12A23227}.Debug|x64.ActiveCfg = Debug|Any CPU
		{665314FA-77BD-47A0-B2FE-74EE12A23227}.Debug|x64.Build.0 = Debug|Any CPU
		{665314FA-77BD-47A0-B2FE-74EE12A23227}.Debug|x86.ActiveCfg = Debug|Any CPU
		{665314FA-77BD-47A0-B2FE-74EE12A23227}.Debug|x86.Build.0 = Debug|Any CPU
		{665314FA-77BD-47A0-B2FE-74EE12A23227}.Release|Any CPU.ActiveCfg = Release|Any CPU
		{665314FA-77BD-47A0-B2FE-74EE12A23227}.Release|Any CPU.Build.0 = Release|Any CPU
		{665314FA-77BD-47A0-B2FE-74EE12A23227}.Release|x64.ActiveCfg = Release|Any CPU
		{665314FA-77BD-47A0-B2FE-74EE12A23227}.Release|x64.Build.0 = Release|Any CPU
		{665314FA-77BD-47A0-B2FE-74EE12A23227}.Release|x86.ActiveCfg = Release|Any CPU
		{665314FA-77BD-47A0-B2FE-74EE12A23227}.Release|x86.Build.0 = Release|Any CPU
		{50D89D95-15B9-42D8-AEE1-D0397FC796D5}.Debug|Any CPU.ActiveCfg = Debug|Any CPU
		{50D89D95-15B9-42D8-AEE1-D0397FC796D5}.Debug|Any CPU.Build.0 = Debug|Any CPU
		{50D89D95-15B9-42D8-AEE1-D0397FC796D5}.Debug|x64.ActiveCfg = Debug|Any CPU
		{50D89D95-15B9-42D8-AEE1-D0397FC796D5}.Debug|x64.Build.0 = Debug|Any CPU
		{50D89D95-15B9-42D8-AEE1-D0397FC796D5}.Debug|x86.ActiveCfg = Debug|Any CPU
		{50D89D95-15B9-42D8-AEE1-D0397FC796D5}.Debug|x86.Build.0 = Debug|Any CPU
		{50D89D95-15B9-42D8-AEE1-D0397FC796D5}.Release|Any CPU.ActiveCfg = Release|Any CPU
		{50D89D95-15B9-42D8-AEE1-D0397FC796D5}.Release|Any CPU.Build.0 = Release|Any CPU
		{50D89D95-15B9-42D8-AEE1-D0397FC796D5}.Release|x64.ActiveCfg = Release|Any CPU
		{50D89D95-15B9-42D8-AEE1-D0397FC796D5}.Release|x64.Build.0 = Release|Any CPU
		{50D89D95-15B9-42D8-AEE1-D0397FC796D5}.Release|x86.ActiveCfg = Release|Any CPU
		{50D89D95-15B9-42D8-AEE1-D0397FC796D5}.Release|x86.Build.0 = Release|Any CPU
	EndGlobalSection
	GlobalSection(SolutionProperties) = preSolution
		HideSolutionNode = FALSE
	EndGlobalSection
	GlobalSection(NestedProjects) = preSolution
		{A1B1017D-8F8E-4124-829A-DE03D0B8DAF2} = {827E0CD3-B72D-47B6-A68D-7590B98EB39B}
		{A76F3C72-F2F0-491D-BC1E-94CB6EDE7E65} = {827E0CD3-B72D-47B6-A68D-7590B98EB39B}
		{2AC3A686-170F-4635-81A9-D456F2495558} = {827E0CD3-B72D-47B6-A68D-7590B98EB39B}
		{7682E690-E658-4D58-9E98-27DC90FBBF79} = {827E0CD3-B72D-47B6-A68D-7590B98EB39B}
		{D331BF7E-4CB3-4494-A160-D80FDD47ACEF} = {827E0CD3-B72D-47B6-A68D-7590B98EB39B}
		{817BA04F-FC07-4CE3-AAD4-1EBB5E0D57B4} = {0AB3BF05-4346-4AA6-1389-037BE0695223}
		{D792AB06-22AF-4788-A627-76ABE1B5FD74} = {0AB3BF05-4346-4AA6-1389-037BE0695223}
		{8B4AD2A6-0BFA-4021-9A24-10D646AC4EB1} = {0AB3BF05-4346-4AA6-1389-037BE0695223}
		{665314FA-77BD-47A0-B2FE-74EE12A23227} = {0AB3BF05-4346-4AA6-1389-037BE0695223}
		{50D89D95-15B9-42D8-AEE1-D0397FC796D5} = {0AB3BF05-4346-4AA6-1389-037BE0695223}
	EndGlobalSection
EndGlobal
